# This file is automatically @generated by Cargo.
# It is not intended for manual editing.
version = 4

[[package]]
name = "browser"
version = "0.1.0"
dependencies = [
 "engine",
 "engine_loop",
 "ipc",
 "platform_abi",
 "renderer",
 "script_host",
]

[[package]]
name = "engine"
version = "0.1.0"

[[package]]
name = "engine_loop"
version = "0.1.0"

[[package]]
name = "ipc"
version = "0.1.0"

[[package]]
name = "platform_abi"
version = "0.1.0"

[[package]]
name = "renderer"
version = "0.1.0"

[[package]]
name = "script_host"
version = "0.1.0"
dependencies = [
 "engine",
]
