# This file is automatically @generated by Cargo.
# It is not intended for manual editing.
version = 4

[[package]]
name = "engine_loop"
version = "0.1.0"
dependencies = [
 "tracing",
]

[[package]]
name = "platform_abi"
version = "0.1.0"

[[package]]
name = "renderer"
version = "0.1.0"

[[package]]
name = "tessera"
version = "0.1.0"
dependencies = [
 "engine_loop",
 "platform_abi",
 "renderer",
 "tracing",
 "tracing-subscriber",
]

[[package]]
name = "tracing"
version = "0.1.0"

[[package]]
name = "tracing-subscriber"
version = "0.1.0"
